// !$*UTF8*$!
{
	archiveVersion = 1;
	classes = {
	};
	objectVersion = 51;
	objects = {

/* Begin PBXBuildFile section */
		153400FE25B1651500154046 /* CalculatorTableViewController.swift in Sources */ = {isa = PBXBuildFile; fileRef = 153400FD25B1651500154046 /* CalculatorTableViewController.swift */; };
		1534010125B165DC00154046 /* Asset.swift in Sources */ = {isa = PBXBuildFile; fileRef = 1534010025B165DC00154046 /* Asset.swift */; };
		1534010525B2B61500154046 /* Extensions.swift in Sources */ = {isa = PBXBuildFile; fileRef = 1534010425B2B61500154046 /* Extensions.swift */; };
		1547631C25A46F7100773088 /* AppDelegate.swift in Sources */ = {isa = PBXBuildFile; fileRef = 1547631B25A46F7100773088 /* AppDelegate.swift */; };
		1547631E25A46F7100773088 /* SceneDelegate.swift in Sources */ = {isa = PBXBuildFile; fileRef = 1547631D25A46F7100773088 /* SceneDelegate.swift */; };
		1547632025A46F7100773088 /* SearchTableViewController.swift in Sources */ = {isa = PBXBuildFile; fileRef = 1547631F25A46F7100773088 /* SearchTableViewController.swift */; };
		1547632325A46F7100773088 /* Main.storyboard in Resources */ = {isa = PBXBuildFile; fileRef = 1547632125A46F7100773088 /* Main.storyboard */; };
		1547632525A46F7200773088 /* Assets.xcassets in Resources */ = {isa = PBXBuildFile; fileRef = 1547632425A46F7200773088 /* Assets.xcassets */; };
		1547632825A46F7200773088 /* LaunchScreen.storyboard in Resources */ = {isa = PBXBuildFile; fileRef = 1547632625A46F7200773088 /* LaunchScreen.storyboard */; };
		1547633D25A47C7200773088 /* SearchTableViewCell.swift in Sources */ = {isa = PBXBuildFile; fileRef = 1547633C25A47C7200773088 /* SearchTableViewCell.swift */; };
		1551909A25A5BCD900307939 /* APIService.swift in Sources */ = {isa = PBXBuildFile; fileRef = 1551909925A5BCD900307939 /* APIService.swift */; };
		1551909E25A5BE4E00307939 /* SearchResults.swift in Sources */ = {isa = PBXBuildFile; fileRef = 1551909D25A5BE4E00307939 /* SearchResults.swift */; };
		155190A525A8662F00307939 /* SearchPlaceholderView.swift in Sources */ = {isa = PBXBuildFile; fileRef = 155190A425A8662F00307939 /* SearchPlaceholderView.swift */; };
		155190AD25A86AC700307939 /* UIAnimatable.swift in Sources */ = {isa = PBXBuildFile; fileRef = 155190AC25A86AC700307939 /* UIAnimatable.swift */; };
		155190B125A9158100307939 /* TimeSeriesMonthlyAdjusted.swift in Sources */ = {isa = PBXBuildFile; fileRef = 155190B025A9158100307939 /* TimeSeriesMonthlyAdjusted.swift */; };
		15562E9325C673C400C62DA4 /* DCAService.swift in Sources */ = {isa = PBXBuildFile; fileRef = 15562E9225C673C400C62DA4 /* DCAService.swift */; };
		15562E9625C6793200C62DA4 /* Double+Extensions.swift in Sources */ = {isa = PBXBuildFile; fileRef = 15562E9525C6793200C62DA4 /* Double+Extensions.swift */; };
		15EFB43925B5540D0005E15E /* UITextField+Extension.swift in Sources */ = {isa = PBXBuildFile; fileRef = 15EFB43825B5540D0005E15E /* UITextField+Extension.swift */; };
		15EFB46425B6A2810005E15E /* DateSelectionTableviewController.swift in Sources */ = {isa = PBXBuildFile; fileRef = 15EFB46325B6A2810005E15E /* DateSelectionTableviewController.swift */; };
		15EFB46725B6AB3F0005E15E /* Date+Extension.swift in Sources */ = {isa = PBXBuildFile; fileRef = 15EFB46625B6AB3F0005E15E /* Date+Extension.swift */; };
		15EFB46A25B7F5E40005E15E /* Int+Extensions.swift in Sources */ = {isa = PBXBuildFile; fileRef = 15EFB46925B7F5E40005E15E /* Int+Extensions.swift */; };
		3BFDBBC3F9777560FCB3C3D3 /* Pods_FinancialApp_dca.framework in Frameworks */ = {isa = PBXBuildFile; fileRef = 2007E88B1D36E22BE3A5B52F /* Pods_FinancialApp_dca.framework */; };
/* End PBXBuildFile section */

/* Begin PBXFileReference section */
		153400FD25B1651500154046 /* CalculatorTableViewController.swift */ = {isa = PBXFileReference; lastKnownFileType = sourcecode.swift; path = CalculatorTableViewController.swift; sourceTree = "<group>"; };
		1534010025B165DC00154046 /* Asset.swift */ = {isa = PBXFileReference; lastKnownFileType = sourcecode.swift; path = Asset.swift; sourceTree = "<group>"; };
		1534010425B2B61500154046 /* Extensions.swift */ = {isa = PBXFileReference; lastKnownFileType = sourcecode.swift; path = Extensions.swift; sourceTree = "<group>"; };
		1547631825A46F7100773088 /* FinancialApp-dca.app */ = {isa = PBXFileReference; explicitFileType = wrapper.application; includeInIndex = 0; path = "FinancialApp-dca.app"; sourceTree = BUILT_PRODUCTS_DIR; };
		1547631B25A46F7100773088 /* AppDelegate.swift */ = {isa = PBXFileReference; lastKnownFileType = sourcecode.swift; path = AppDelegate.swift; sourceTree = "<group>"; };
		1547631D25A46F7100773088 /* SceneDelegate.swift */ = {isa = PBXFileReference; lastKnownFileType = sourcecode.swift; path = SceneDelegate.swift; sourceTree = "<group>"; };
		1547631F25A46F7100773088 /* SearchTableViewController.swift */ = {isa = PBXFileReference; lastKnownFileType = sourcecode.swift; path = SearchTableViewController.swift; sourceTree = "<group>"; };
		1547632225A46F7100773088 /* Base */ = {isa = PBXFileReference; lastKnownFileType = file.storyboard; name = Base; path = Base.lproj/Main.storyboard; sourceTree = "<group>"; };
		1547632425A46F7200773088 /* Assets.xcassets */ = {isa = PBXFileReference; lastKnownFileType = folder.assetcatalog; path = Assets.xcassets; sourceTree = "<group>"; };
		1547632725A46F7200773088 /* Base */ = {isa = PBXFileReference; lastKnownFileType = file.storyboard; name = Base; path = Base.lproj/LaunchScreen.storyboard; sourceTree = "<group>"; };
		1547632925A46F7200773088 /* Info.plist */ = {isa = PBXFileReference; lastKnownFileType = text.plist.xml; path = Info.plist; sourceTree = "<group>"; };
		1547633C25A47C7200773088 /* SearchTableViewCell.swift */ = {isa = PBXFileReference; lastKnownFileType = sourcecode.swift; path = SearchTableViewCell.swift; sourceTree = "<group>"; };
		1551909925A5BCD900307939 /* APIService.swift */ = {isa = PBXFileReference; lastKnownFileType = sourcecode.swift; path = APIService.swift; sourceTree = "<group>"; };
		1551909D25A5BE4E00307939 /* SearchResults.swift */ = {isa = PBXFileReference; lastKnownFileType = sourcecode.swift; path = SearchResults.swift; sourceTree = "<group>"; };
		155190A425A8662F00307939 /* SearchPlaceholderView.swift */ = {isa = PBXFileReference; lastKnownFileType = sourcecode.swift; path = SearchPlaceholderView.swift; sourceTree = "<group>"; };
		155190AC25A86AC700307939 /* UIAnimatable.swift */ = {isa = PBXFileReference; lastKnownFileType = sourcecode.swift; path = UIAnimatable.swift; sourceTree = "<group>"; };
		155190B025A9158100307939 /* TimeSeriesMonthlyAdjusted.swift */ = {isa = PBXFileReference; lastKnownFileType = sourcecode.swift; path = TimeSeriesMonthlyAdjusted.swift; sourceTree = "<group>"; };
		15562E9225C673C400C62DA4 /* DCAService.swift */ = {isa = PBXFileReference; lastKnownFileType = sourcecode.swift; path = DCAService.swift; sourceTree = "<group>"; };
		15562E9525C6793200C62DA4 /* Double+Extensions.swift */ = {isa = PBXFileReference; lastKnownFileType = sourcecode.swift; path = "Double+Extensions.swift"; sourceTree = "<group>"; };
		15EFB43825B5540D0005E15E /* UITextField+Extension.swift */ = {isa = PBXFileReference; lastKnownFileType = sourcecode.swift; path = "UITextField+Extension.swift"; sourceTree = "<group>"; };
		15EFB46325B6A2810005E15E /* DateSelectionTableviewController.swift */ = {isa = PBXFileReference; lastKnownFileType = sourcecode.swift; path = DateSelectionTableviewController.swift; sourceTree = "<group>"; };
		15EFB46625B6AB3F0005E15E /* Date+Extension.swift */ = {isa = PBXFileReference; lastKnownFileType = sourcecode.swift; path = "Date+Extension.swift"; sourceTree = "<group>"; };
		15EFB46925B7F5E40005E15E /* Int+Extensions.swift */ = {isa = PBXFileReference; lastKnownFileType = sourcecode.swift; path = "Int+Extensions.swift"; sourceTree = "<group>"; };
		2007E88B1D36E22BE3A5B52F /* Pods_FinancialApp_dca.framework */ = {isa = PBXFileReference; explicitFileType = wrapper.framework; includeInIndex = 0; path = Pods_FinancialApp_dca.framework; sourceTree = BUILT_PRODUCTS_DIR; };
		2CF147C5B556BAD7569BCC6C /* Pods-FinancialApp-dca.debug.xcconfig */ = {isa = PBXFileReference; includeInIndex = 1; lastKnownFileType = text.xcconfig; name = "Pods-FinancialApp-dca.debug.xcconfig"; path = "Target Support Files/Pods-FinancialApp-dca/Pods-FinancialApp-dca.debug.xcconfig"; sourceTree = "<group>"; };
		4EF3DCE68CE84290A2667B35 /* Pods-FinancialApp-dca.release.xcconfig */ = {isa = PBXFileReference; includeInIndex = 1; lastKnownFileType = text.xcconfig; name = "Pods-FinancialApp-dca.release.xcconfig"; path = "Target Support Files/Pods-FinancialApp-dca/Pods-FinancialApp-dca.release.xcconfig"; sourceTree = "<group>"; };
/* End PBXFileReference section */

/* Begin PBXFrameworksBuildPhase section */
		1547631525A46F7100773088 /* Frameworks */ = {
			isa = PBXFrameworksBuildPhase;
			buildActionMask = 2147483647;
			files = (
				3BFDBBC3F9777560FCB3C3D3 /* Pods_FinancialApp_dca.framework in Frameworks */,
			);
			runOnlyForDeploymentPostprocessing = 0;
		};
/* End PBXFrameworksBuildPhase section */

/* Begin PBXGroup section */
		1534010325B2B5FE00154046 /* Extensions */ = {
			isa = PBXGroup;
			children = (
				1534010425B2B61500154046 /* Extensions.swift */,
				15EFB43825B5540D0005E15E /* UITextField+Extension.swift */,
				15EFB46625B6AB3F0005E15E /* Date+Extension.swift */,
				15EFB46925B7F5E40005E15E /* Int+Extensions.swift */,
				15562E9525C6793200C62DA4 /* Double+Extensions.swift */,
			);
			path = Extensions;
			sourceTree = "<group>";
		};
		1547630F25A46F7100773088 = {
			isa = PBXGroup;
			children = (
				1547631A25A46F7100773088 /* FinancialApp-dca */,
				1547631925A46F7100773088 /* Products */,
				BA5F2183257272388A6C8D87 /* Pods */,
				2AB52CA5318DB4A412669328 /* Frameworks */,
			);
			sourceTree = "<group>";
		};
		1547631925A46F7100773088 /* Products */ = {
			isa = PBXGroup;
			children = (
				1547631825A46F7100773088 /* FinancialApp-dca.app */,
			);
			name = Products;
			sourceTree = "<group>";
		};
		1547631A25A46F7100773088 /* FinancialApp-dca */ = {
			isa = PBXGroup;
			children = (
				1534010325B2B5FE00154046 /* Extensions */,
				155190AB25A86A9E00307939 /* protocol */,
				1551909C25A5BE3E00307939 /* Model */,
				1551909825A5BCC500307939 /* Services */,
				1547633B25A47C4C00773088 /* controller */,
				1547633A25A47C4200773088 /* view */,
				1547631B25A46F7100773088 /* AppDelegate.swift */,
				1547631D25A46F7100773088 /* SceneDelegate.swift */,
				1547632125A46F7100773088 /* Main.storyboard */,
				1547632425A46F7200773088 /* Assets.xcassets */,
				1547632625A46F7200773088 /* LaunchScreen.storyboard */,
				1547632925A46F7200773088 /* Info.plist */,
			);
			path = "FinancialApp-dca";
			sourceTree = "<group>";
		};
		1547633A25A47C4200773088 /* view */ = {
			isa = PBXGroup;
			children = (
				1547633C25A47C7200773088 /* SearchTableViewCell.swift */,
				155190A425A8662F00307939 /* SearchPlaceholderView.swift */,
			);
			path = view;
			sourceTree = "<group>";
		};
		1547633B25A47C4C00773088 /* controller */ = {
			isa = PBXGroup;
			children = (
				1547631F25A46F7100773088 /* SearchTableViewController.swift */,
				153400FD25B1651500154046 /* CalculatorTableViewController.swift */,
				15EFB46325B6A2810005E15E /* DateSelectionTableviewController.swift */,
			);
			path = controller;
			sourceTree = "<group>";
		};
		1551909825A5BCC500307939 /* Services */ = {
			isa = PBXGroup;
			children = (
				1551909925A5BCD900307939 /* APIService.swift */,
				15562E9225C673C400C62DA4 /* DCAService.swift */,
			);
			path = Services;
			sourceTree = "<group>";
		};
		1551909C25A5BE3E00307939 /* Model */ = {
			isa = PBXGroup;
			children = (
				1551909D25A5BE4E00307939 /* SearchResults.swift */,
				155190B025A9158100307939 /* TimeSeriesMonthlyAdjusted.swift */,
				1534010025B165DC00154046 /* Asset.swift */,
			);
			path = Model;
			sourceTree = "<group>";
		};
		155190AB25A86A9E00307939 /* protocol */ = {
			isa = PBXGroup;
			children = (
				155190AC25A86AC700307939 /* UIAnimatable.swift */,
			);
			path = protocol;
			sourceTree = "<group>";
		};
		2AB52CA5318DB4A412669328 /* Frameworks */ = {
			isa = PBXGroup;
			children = (
				2007E88B1D36E22BE3A5B52F /* Pods_FinancialApp_dca.framework */,
			);
			name = Frameworks;
			sourceTree = "<group>";
		};
		BA5F2183257272388A6C8D87 /* Pods */ = {
			isa = PBXGroup;
			children = (
				2CF147C5B556BAD7569BCC6C /* Pods-FinancialApp-dca.debug.xcconfig */,
				4EF3DCE68CE84290A2667B35 /* Pods-FinancialApp-dca.release.xcconfig */,
			);
			path = Pods;
			sourceTree = "<group>";
		};
/* End PBXGroup section */

/* Begin PBXNativeTarget section */
		1547631725A46F7100773088 /* FinancialApp-dca */ = {
			isa = PBXNativeTarget;
			buildConfigurationList = 1547632C25A46F7200773088 /* Build configuration list for PBXNativeTarget "FinancialApp-dca" */;
			buildPhases = (
				5A9EBEF39EEBFEB09ED61950 /* [CP] Check Pods Manifest.lock */,
				1547631425A46F7100773088 /* Sources */,
				1547631525A46F7100773088 /* Frameworks */,
				1547631625A46F7100773088 /* Resources */,
				8CD001F53C4CFC9A58871F52 /* [CP] Embed Pods Frameworks */,
			);
			buildRules = (
			);
			dependencies = (
			);
			name = "FinancialApp-dca";
			productName = "FinancialApp-dca";
			productReference = 1547631825A46F7100773088 /* FinancialApp-dca.app */;
			productType = "com.apple.product-type.application";
		};
/* End PBXNativeTarget section */

/* Begin PBXProject section */
		1547631025A46F7100773088 /* Project object */ = {
			isa = PBXProject;
			attributes = {
				LastSwiftUpdateCheck = 1220;
				LastUpgradeCheck = 1220;
				TargetAttributes = {
					1547631725A46F7100773088 = {
						CreatedOnToolsVersion = 12.2;
					};
				};
			};
			buildConfigurationList = 1547631325A46F7100773088 /* Build configuration list for PBXProject "FinancialApp-dca" */;
			compatibilityVersion = "Xcode 9.3";
			developmentRegion = en;
			hasScannedForEncodings = 0;
			knownRegions = (
				en,
				Base,
			);
			mainGroup = 1547630F25A46F7100773088;
			productRefGroup = 1547631925A46F7100773088 /* Products */;
			projectDirPath = "";
			projectRoot = "";
			targets = (
				1547631725A46F7100773088 /* FinancialApp-dca */,
			);
		};
/* End PBXProject section */

/* Begin PBXResourcesBuildPhase section */
		1547631625A46F7100773088 /* Resources */ = {
			isa = PBXResourcesBuildPhase;
			buildActionMask = 2147483647;
			files = (
				1547632825A46F7200773088 /* LaunchScreen.storyboard in Resources */,
				1547632525A46F7200773088 /* Assets.xcassets in Resources */,
				1547632325A46F7100773088 /* Main.storyboard in Resources */,
			);
			runOnlyForDeploymentPostprocessing = 0;
		};
/* End PBXResourcesBuildPhase section */

/* Begin PBXShellScriptBuildPhase section */
		5A9EBEF39EEBFEB09ED61950 /* [CP] Check Pods Manifest.lock */ = {
			isa = PBXShellScriptBuildPhase;
			buildActionMask = 2147483647;
			files = (
			);
			inputFileListPaths = (
			);
			inputPaths = (
				"${PODS_PODFILE_DIR_PATH}/Podfile.lock",
				"${PODS_ROOT}/Manifest.lock",
			);
			name = "[CP] Check Pods Manifest.lock";
			outputFileListPaths = (
			);
			outputPaths = (
				"$(DERIVED_FILE_DIR)/Pods-FinancialApp-dca-checkManifestLockResult.txt",
			);
			runOnlyForDeploymentPostprocessing = 0;
			shellPath = /bin/sh;
			shellScript = "diff \"${PODS_PODFILE_DIR_PATH}/Podfile.lock\" \"${PODS_ROOT}/Manifest.lock\" > /dev/null\nif [ $? != 0 ] ; then\n    # print error to STDERR\n    echo \"error: The sandbox is not in sync with the Podfile.lock. Run 'pod install' or update your CocoaPods installation.\" >&2\n    exit 1\nfi\n# This output is used by Xcode 'outputs' to avoid re-running this script phase.\necho \"SUCCESS\" > \"${SCRIPT_OUTPUT_FILE_0}\"\n";
			showEnvVarsInLog = 0;
		};
		8CD001F53C4CFC9A58871F52 /* [CP] Embed Pods Frameworks */ = {
			isa = PBXShellScriptBuildPhase;
			buildActionMask = 2147483647;
			files = (
			);
			inputFileListPaths = (
				"${PODS_ROOT}/Target Support Files/Pods-FinancialApp-dca/Pods-FinancialApp-dca-frameworks-${CONFIGURATION}-input-files.xcfilelist",
			);
			name = "[CP] Embed Pods Frameworks";
			outputFileListPaths = (
				"${PODS_ROOT}/Target Support Files/Pods-FinancialApp-dca/Pods-FinancialApp-dca-frameworks-${CONFIGURATION}-output-files.xcfilelist",
			);
			runOnlyForDeploymentPostprocessing = 0;
			shellPath = /bin/sh;
			shellScript = "\"${PODS_ROOT}/Target Support Files/Pods-FinancialApp-dca/Pods-FinancialApp-dca-frameworks.sh\"\n";
			showEnvVarsInLog = 0;
		};
/* End PBXShellScriptBuildPhase section */

/* Begin PBXSourcesBuildPhase section */
		1547631425A46F7100773088 /* Sources */ = {
			isa = PBXSourcesBuildPhase;
			buildActionMask = 2147483647;
			files = (
				1547632025A46F7100773088 /* SearchTableViewController.swift in Sources */,
				155190AD25A86AC700307939 /* UIAnimatable.swift in Sources */,
				1551909A25A5BCD900307939 /* APIService.swift in Sources */,
				1534010125B165DC00154046 /* Asset.swift in Sources */,
				153400FE25B1651500154046 /* CalculatorTableViewController.swift in Sources */,
				15EFB46A25B7F5E40005E15E /* Int+Extensions.swift in Sources */,
				15EFB46725B6AB3F0005E15E /* Date+Extension.swift in Sources */,
				1547633D25A47C7200773088 /* SearchTableViewCell.swift in Sources */,
				1547631C25A46F7100773088 /* AppDelegate.swift in Sources */,
				1534010525B2B61500154046 /* Extensions.swift in Sources */,
				15EFB46425B6A2810005E15E /* DateSelectionTableviewController.swift in Sources */,
				15562E9325C673C400C62DA4 /* DCAService.swift in Sources */,
				15562E9625C6793200C62DA4 /* Double+Extensions.swift in Sources */,
				155190B125A9158100307939 /* TimeSeriesMonthlyAdjusted.swift in Sources */,
				1551909E25A5BE4E00307939 /* SearchResults.swift in Sources */,
				15EFB43925B5540D0005E15E /* UITextField+Extension.swift in Sources */,
				1547631E25A46F7100773088 /* SceneDelegate.swift in Sources */,
				155190A525A8662F00307939 /* SearchPlaceholderView.swift in Sources */,
			);
			runOnlyForDeploymentPostprocessing = 0;
		};
/* End PBXSourcesBuildPhase section */

/* Begin PBXVariantGroup section */
		1547632125A46F7100773088 /* Main.storyboard */ = {
			isa = PBXVariantGroup;
			children = (
				1547632225A46F7100773088 /* Base */,
			);
			name = Main.storyboard;
			sourceTree = "<group>";
		};
		1547632625A46F7200773088 /* LaunchScreen.storyboard */ = {
			isa = PBXVariantGroup;
			children = (
				1547632725A46F7200773088 /* Base */,
			);
			name = LaunchScreen.storyboard;
			sourceTree = "<group>";
		};
/* End PBXVariantGroup section */

/* Begin XCBuildConfiguration section */
		1547632A25A46F7200773088 /* Debug */ = {
			isa = XCBuildConfiguration;
			buildSettings = {
				ALWAYS_SEARCH_USER_PATHS = NO;
				CLANG_ANALYZER_NONNULL = YES;
				CLANG_ANALYZER_NUMBER_OBJECT_CONVERSION = YES_AGGRESSIVE;
				CLANG_CXX_LANGUAGE_STANDARD = "gnu++14";
				CLANG_CXX_LIBRARY = "libc++";
				CLANG_ENABLE_MODULES = YES;
				CLANG_ENABLE_OBJC_ARC = YES;
				CLANG_ENABLE_OBJC_WEAK = YES;
				CLANG_WARN_BLOCK_CAPTURE_AUTORELEASING = YES;
				CLANG_WARN_BOOL_CONVERSION = YES;
				CLANG_WARN_COMMA = YES;
				CLANG_WARN_CONSTANT_CONVERSION = YES;
				CLANG_WARN_DEPRECATED_OBJC_IMPLEMENTATIONS = YES;
				CLANG_WARN_DIRECT_OBJC_ISA_USAGE = YES_ERROR;
				CLANG_WARN_DOCUMENTATION_COMMENTS = YES;
				CLANG_WARN_EMPTY_BODY = YES;
				CLANG_WARN_ENUM_CONVERSION = YES;
				CLANG_WARN_INFINITE_RECURSION = YES;
				CLANG_WARN_INT_CONVERSION = YES;
				CLANG_WARN_NON_LITERAL_NULL_CONVERSION = YES;
				CLANG_WARN_OBJC_IMPLICIT_RETAIN_SELF = YES;
				CLANG_WARN_OBJC_LITERAL_CONVERSION = YES;
				CLANG_WARN_OBJC_ROOT_CLASS = YES_ERROR;
				CLANG_WARN_QUOTED_INCLUDE_IN_FRAMEWORK_HEADER = YES;
				CLANG_WARN_RANGE_LOOP_ANALYSIS = YES;
				CLANG_WARN_STRICT_PROTOTYPES = YES;
				CLANG_WARN_SUSPICIOUS_MOVE = YES;
				CLANG_WARN_UNGUARDED_AVAILABILITY = YES_AGGRESSIVE;
				CLANG_WARN_UNREACHABLE_CODE = YES;
				CLANG_WARN__DUPLICATE_METHOD_MATCH = YES;
				COPY_PHASE_STRIP = NO;
				DEBUG_INFORMATION_FORMAT = dwarf;
				ENABLE_STRICT_OBJC_MSGSEND = YES;
				ENABLE_TESTABILITY = YES;
				GCC_C_LANGUAGE_STANDARD = gnu11;
				GCC_DYNAMIC_NO_PIC = NO;
				GCC_NO_COMMON_BLOCKS = YES;
				GCC_OPTIMIZATION_LEVEL = 0;
				GCC_PREPROCESSOR_DEFINITIONS = (
					"DEBUG=1",
					"$(inherited)",
				);
				GCC_WARN_64_TO_32_BIT_CONVERSION = YES;
				GCC_WARN_ABOUT_RETURN_TYPE = YES_ERROR;
				GCC_WARN_UNDECLARED_SELECTOR = YES;
				GCC_WARN_UNINITIALIZED_AUTOS = YES_AGGRESSIVE;
				GCC_WARN_UNUSED_FUNCTION = YES;
				GCC_WARN_UNUSED_VARIABLE = YES;
				IPHONEOS_DEPLOYMENT_TARGET = 14.2;
				MTL_ENABLE_DEBUG_INFO = INCLUDE_SOURCE;
				MTL_FAST_MATH = YES;
				ONLY_ACTIVE_ARCH = YES;
				SDKROOT = iphoneos;
				SWIFT_ACTIVE_COMPILATION_CONDITIONS = DEBUG;
				SWIFT_OPTIMIZATION_LEVEL = "-Onone";
			};
			name = Debug;
		};
		1547632B25A46F7200773088 /* Release */ = {
			isa = XCBuildConfiguration;
			buildSettings = {
				ALWAYS_SEARCH_USER_PATHS = NO;
				CLANG_ANALYZER_NONNULL = YES;
				CLANG_ANALYZER_NUMBER_OBJECT_CONVERSION = YES_AGGRESSIVE;
				CLANG_CXX_LANGUAGE_STANDARD = "gnu++14";
				CLANG_CXX_LIBRARY = "libc++";
				CLANG_ENABLE_MODULES = YES;
				CLANG_ENABLE_OBJC_ARC = YES;
				CLANG_ENABLE_OBJC_WEAK = YES;
				CLANG_WARN_BLOCK_CAPTURE_AUTORELEASING = YES;
				CLANG_WARN_BOOL_CONVERSION = YES;
				CLANG_WARN_COMMA = YES;
				CLANG_WARN_CONSTANT_CONVERSION = YES;
				CLANG_WARN_DEPRECATED_OBJC_IMPLEMENTATIONS = YES;
				CLANG_WARN_DIRECT_OBJC_ISA_USAGE = YES_ERROR;
				CLANG_WARN_DOCUMENTATION_COMMENTS = YES;
				CLANG_WARN_EMPTY_BODY = YES;
				CLANG_WARN_ENUM_CONVERSION = YES;
				CLANG_WARN_INFINITE_RECURSION = YES;
				CLANG_WARN_INT_CONVERSION = YES;
				CLANG_WARN_NON_LITERAL_NULL_CONVERSION = YES;
				CLANG_WARN_OBJC_IMPLICIT_RETAIN_SELF = YES;
				CLANG_WARN_OBJC_LITERAL_CONVERSION = YES;
				CLANG_WARN_OBJC_ROOT_CLASS = YES_ERROR;
				CLANG_WARN_QUOTED_INCLUDE_IN_FRAMEWORK_HEADER = YES;
				CLANG_WARN_RANGE_LOOP_ANALYSIS = YES;
				CLANG_WARN_STRICT_PROTOTYPES = YES;
				CLANG_WARN_SUSPICIOUS_MOVE = YES;
				CLANG_WARN_UNGUARDED_AVAILABILITY = YES_AGGRESSIVE;
				CLANG_WARN_UNREACHABLE_CODE = YES;
				CLANG_WARN__DUPLICATE_METHOD_MATCH = YES;
				COPY_PHASE_STRIP = NO;
				DEBUG_INFORMATION_FORMAT = "dwarf-with-dsym";
				ENABLE_NS_ASSERTIONS = NO;
				ENABLE_STRICT_OBJC_MSGSEND = YES;
				GCC_C_LANGUAGE_STANDARD = gnu11;
				GCC_NO_COMMON_BLOCKS = YES;
				GCC_WARN_64_TO_32_BIT_CONVERSION = YES;
				GCC_WARN_ABOUT_RETURN_TYPE = YES_ERROR;
				GCC_WARN_UNDECLARED_SELECTOR = YES;
				GCC_WARN_UNINITIALIZED_AUTOS = YES_AGGRESSIVE;
				GCC_WARN_UNUSED_FUNCTION = YES;
				GCC_WARN_UNUSED_VARIABLE = YES;
				IPHONEOS_DEPLOYMENT_TARGET = 14.2;
				MTL_ENABLE_DEBUG_INFO = NO;
				MTL_FAST_MATH = YES;
				SDKROOT = iphoneos;
				SWIFT_COMPILATION_MODE = wholemodule;
				SWIFT_OPTIMIZATION_LEVEL = "-O";
				VALIDATE_PRODUCT = YES;
			};
			name = Release;
		};
		1547632D25A46F7200773088 /* Debug */ = {
			isa = XCBuildConfiguration;
			baseConfigurationReference = 2CF147C5B556BAD7569BCC6C /* Pods-FinancialApp-dca.debug.xcconfig */;
			buildSettings = {
				ASSETCATALOG_COMPILER_APPICON_NAME = AppIcon;
				ASSETCATALOG_COMPILER_GLOBAL_ACCENT_COLOR_NAME = AccentColor;
				CODE_SIGN_STYLE = Automatic;
				DEVELOPMENT_TEAM = ATGLF89TD8;
				INFOPLIST_FILE = "FinancialApp-dca/Info.plist";
				LD_RUNPATH_SEARCH_PATHS = (
					"$(inherited)",
					"@executable_path/Frameworks",
				);
				PRODUCT_BUNDLE_IDENTIFIER = "com.app.studentProyect.FinancialApp-dca";
				PRODUCT_NAME = "$(TARGET_NAME)";
				SWIFT_VERSION = 5.0;
				TARGETED_DEVICE_FAMILY = "1,2";
			};
			name = Debug;
		};
		1547632E25A46F7200773088 /* Release */ = {
			isa = XCBuildConfiguration;
			baseConfigurationReference = 4EF3DCE68CE84290A2667B35 /* Pods-FinancialApp-dca.release.xcconfig */;
			buildSettings = {
				ASSETCATALOG_COMPILER_APPICON_NAME = AppIcon;
				ASSETCATALOG_COMPILER_GLOBAL_ACCENT_COLOR_NAME = AccentColor;
				CODE_SIGN_STYLE = Automatic;
				DEVELOPMENT_TEAM = ATGLF89TD8;
				INFOPLIST_FILE = "FinancialApp-dca/Info.plist";
				LD_RUNPATH_SEARCH_PATHS = (
					"$(inherited)",
					"@executable_path/Frameworks",
				);
				PRODUCT_BUNDLE_IDENTIFIER = "com.app.studentProyect.FinancialApp-dca";
				PRODUCT_NAME = "$(TARGET_NAME)";
				SWIFT_VERSION = 5.0;
				TARGETED_DEVICE_FAMILY = "1,2";
			};
			name = Release;
		};
/* End XCBuildConfiguration section */

/* Begin XCConfigurationList section */
		1547631325A46F7100773088 /* Build configuration list for PBXProject "FinancialApp-dca" */ = {
			isa = XCConfigurationList;
			buildConfigurations = (
				1547632A25A46F7200773088 /* Debug */,
				1547632B25A46F7200773088 /* Release */,
			);
			defaultConfigurationIsVisible = 0;
			defaultConfigurationName = Release;
		};
		1547632C25A46F7200773088 /* Build configuration list for PBXNativeTarget "FinancialApp-dca" */ = {
			isa = XCConfigurationList;
			buildConfigurations = (
				1547632D25A46F7200773088 /* Debug */,
				1547632E25A46F7200773088 /* Release */,
			);
			defaultConfigurationIsVisible = 0;
			defaultConfigurationName = Release;
		};
/* End XCConfigurationList section */
	};
	rootObject = 1547631025A46F7100773088 /* Project object */;
}
